
Microsoft Visual Studio Solution File, Format Version 11.00
# Visual Studio 2010
Project("{FAE04EC0-301F-11D3-BF4B-00C04F79EFBC}") = "Assembly-CSharp", "Assembly-CSharp.csproj", "{e1c1cd32-93f2-778b-a5e7-408034ff2637}"
EndProject
Project("{FAE04EC0-301F-11D3-BF4B-00C04F79EFBC}") = "Assembly-CSharp-Editor", "Assembly-CSharp-Editor.csproj", "{239252da-6742-1916-85c8-5df26585eb15}"
EndProject
Global
	GlobalSection(SolutionConfigurationPlatforms) = preSolution
		Debug|Any CPU = Debug|Any CPU
		Release|Any CPU = Release|Any CPU
	EndGlobalSection
	GlobalSection(ProjectConfigurationPlatforms) = postSolution
		{e1c1cd32-93f2-778b-a5e7-408034ff2637}.Debug|Any CPU.ActiveCfg = Debug|Any CPU
		{e1c1cd32-93f2-778b-a5e7-408034ff2637}.Debug|Any CPU.Build.0 = Debug|Any CPU
		{e1c1cd32-93f2-778b-a5e7-408034ff2637}.Release|Any CPU.ActiveCfg = Release|Any CPU
		{e1c1cd32-93f2-778b-a5e7-408034ff2637}.Release|Any CPU.Build.0 = Release|Any CPU
		{239252da-6742-1916-85c8-5df26585eb15}.Debug|Any CPU.ActiveCfg = Debug|Any CPU
		{239252da-6742-1916-85c8-5df26585eb15}.Debug|Any CPU.Build.0 = Debug|Any CPU
		{239252da-6742-1916-85c8-5df26585eb15}.Release|Any CPU.ActiveCfg = Release|Any CPU
		{239252da-6742-1916-85c8-5df26585eb15}.Release|Any CPU.Build.0 = Release|Any CPU
	EndGlobalSection
	GlobalSection(SolutionProperties) = preSolution
		HideSolutionNode = FALSE
	EndGlobalSection
EndGlobal
